
Microsoft Visual Studio Solution File, Format Version 12.00
# Visual Studio 15
VisualStudioVersion = 15.0.28010.2026
MinimumVisualStudioVersion = 10.0.40219.1
Project("{FAE04EC0-301F-11D3-BF4B-00C04F79EFBC}") = "Accounting", "Accounting.csproj", "{D033C54F-5233-4AD2-AF1A-7F26C440430F}"
EndProject
Project("{FAE04EC0-301F-11D3-BF4B-00C04F79EFBC}") = "Ghorbani_tools", "..\Ghorbani_tools\Ghorbani_tools.csproj", "{A9F9FF6B-23B5-408D-9E34-54FAC7C82663}"
EndProject
Global
	GlobalSection(SolutionConfigurationPlatforms) = preSolution
		Debug|Any CPU = Debug|Any CPU
		Release|Any CPU = Release|Any CPU
	EndGlobalSection
	GlobalSection(ProjectConfigurationPlatforms) = postSolution
		{D033C54F-5233-4AD2-AF1A-7F26C440430F}.Debug|Any CPU.ActiveCfg = Debug|Any CPU
		{D033C54F-5233-4AD2-AF1A-7F26C440430F}.Debug|Any CPU.Build.0 = Debug|Any CPU
		{D033C54F-5233-4AD2-AF1A-7F26C440430F}.Release|Any CPU.ActiveCfg = Release|Any CPU
		{D033C54F-5233-4AD2-AF1A-7F26C440430F}.Release|Any CPU.Build.0 = Release|Any CPU
		{A9F9FF6B-23B5-408D-9E34-54FAC7C82663}.Debug|Any CPU.ActiveCfg = Debug|Any CPU
		{A9F9FF6B-23B5-408D-9E34-54FAC7C82663}.Debug|Any CPU.Build.0 = Debug|Any CPU
		{A9F9FF6B-23B5-408D-9E34-54FAC7C82663}.Release|Any CPU.ActiveCfg = Release|Any CPU
		{A9F9FF6B-23B5-408D-9E34-54FAC7C82663}.Release|Any CPU.Build.0 = Release|Any CPU
	EndGlobalSection
	GlobalSection(SolutionProperties) = preSolution
		HideSolutionNode = FALSE
	EndGlobalSection
	GlobalSection(ExtensibilityGlobals) = postSolution
		SolutionGuid = {B7591F8B-03CA-4FFC-B3EF-056FF2D27A77}
	EndGlobalSection
EndGlobal
